
Microsoft Visual Studio Solution File, Format Version 12.00
# Visual Studio 14
VisualStudioVersion = 14.0.24720.0
MinimumVisualStudioVersion = 10.0.40219.1
Project("{FAE04EC0-301F-11D3-BF4B-00C04F79EFBC}") = "Borogove", "Borogove\Borogove.csproj", "{FF3002AA-B2E5-4D27-B723-F92BDAA5A4B8}"
EndProject
Project("{FAE04EC0-301F-11D3-BF4B-00C04F79EFBC}") = "Borogove.Tests", "Borogove.Tests\Borogove.Tests.csproj", "{D29D40F9-8DCA-4A67-A81A-880C339739D2}"
EndProject
Project("{FAE04EC0-301F-11D3-BF4B-00C04F79EFBC}") = "Borogove.Model", "Borogove.Model\Borogove.Model.csproj", "{2EC212B3-126E-430B-909D-B251CA79E7C7}"
EndProject
Project("{FAE04EC0-301F-11D3-BF4B-00C04F79EFBC}") = "Borogove.DataAccess", "Borogove.DataAccess\Borogove.DataAccess.csproj", "{5DDC3D66-38C8-42B0-B9CF-6D86FA0C804E}"
EndProject
Project("{FAE04EC0-301F-11D3-BF4B-00C04F79EFBC}") = "Borogove.API", "Borogove.API\Borogove.API.csproj", "{0AED8C3E-C161-464F-8B65-5CDED6233FAD}"
EndProject
Global
	GlobalSection(SolutionConfigurationPlatforms) = preSolution
		Debug|Any CPU = Debug|Any CPU
		Release|Any CPU = Release|Any CPU
	EndGlobalSection
	GlobalSection(ProjectConfigurationPlatforms) = postSolution
		{FF3002AA-B2E5-4D27-B723-F92BDAA5A4B8}.Debug|Any CPU.ActiveCfg = Debug|Any CPU
		{FF3002AA-B2E5-4D27-B723-F92BDAA5A4B8}.Debug|Any CPU.Build.0 = Debug|Any CPU
		{FF3002AA-B2E5-4D27-B723-F92BDAA5A4B8}.Release|Any CPU.ActiveCfg = Release|Any CPU
		{FF3002AA-B2E5-4D27-B723-F92BDAA5A4B8}.Release|Any CPU.Build.0 = Release|Any CPU
		{D29D40F9-8DCA-4A67-A81A-880C339739D2}.Debug|Any CPU.ActiveCfg = Debug|Any CPU
		{D29D40F9-8DCA-4A67-A81A-880C339739D2}.Debug|Any CPU.Build.0 = Debug|Any CPU
		{D29D40F9-8DCA-4A67-A81A-880C339739D2}.Release|Any CPU.ActiveCfg = Release|Any CPU
		{D29D40F9-8DCA-4A67-A81A-880C339739D2}.Release|Any CPU.Build.0 = Release|Any CPU
		{2EC212B3-126E-430B-909D-B251CA79E7C7}.Debug|Any CPU.ActiveCfg = Debug|Any CPU
		{2EC212B3-126E-430B-909D-B251CA79E7C7}.Debug|Any CPU.Build.0 = Debug|Any CPU
		{2EC212B3-126E-430B-909D-B251CA79E7C7}.Release|Any CPU.ActiveCfg = Release|Any CPU
		{2EC212B3-126E-430B-909D-B251CA79E7C7}.Release|Any CPU.Build.0 = Release|Any CPU
		{5DDC3D66-38C8-42B0-B9CF-6D86FA0C804E}.Debug|Any CPU.ActiveCfg = Debug|Any CPU
		{5DDC3D66-38C8-42B0-B9CF-6D86FA0C804E}.Debug|Any CPU.Build.0 = Debug|Any CPU
		{5DDC3D66-38C8-42B0-B9CF-6D86FA0C804E}.Release|Any CPU.ActiveCfg = Release|Any CPU
		{5DDC3D66-38C8-42B0-B9CF-6D86FA0C804E}.Release|Any CPU.Build.0 = Release|Any CPU
		{0AED8C3E-C161-464F-8B65-5CDED6233FAD}.Debug|Any CPU.ActiveCfg = Debug|Any CPU
		{0AED8C3E-C161-464F-8B65-5CDED6233FAD}.Debug|Any CPU.Build.0 = Debug|Any CPU
		{0AED8C3E-C161-464F-8B65-5CDED6233FAD}.Release|Any CPU.ActiveCfg = Release|Any CPU
		{0AED8C3E-C161-464F-8B65-5CDED6233FAD}.Release|Any CPU.Build.0 = Release|Any CPU
	EndGlobalSection
	GlobalSection(SolutionProperties) = preSolution
		HideSolutionNode = FALSE
	EndGlobalSection
EndGlobal
